// !$*UTF8*$!
{
	archiveVersion = 1;
	classes = {
	};
	objectVersion = 50;
	objects = {

/* Begin PBXBuildFile section */
		894DF87C2504F98B0062D2FD /* AppDelegate.swift in Sources */ = {isa = PBXBuildFile; fileRef = 894DF87B2504F98B0062D2FD /* AppDelegate.swift */; };
		894DF87E2504F98B0062D2FD /* SceneDelegate.swift in Sources */ = {isa = PBXBuildFile; fileRef = 894DF87D2504F98B0062D2FD /* SceneDelegate.swift */; };
		894DF8802504F98B0062D2FD /* BucketMapView.swift in Sources */ = {isa = PBXBuildFile; fileRef = 894DF87F2504F98B0062D2FD /* BucketMapView.swift */; };
		894DF8822504F9910062D2FD /* Assets.xcassets in Resources */ = {isa = PBXBuildFile; fileRef = 894DF8812504F9910062D2FD /* Assets.xcassets */; };
		894DF8852504F9910062D2FD /* Preview Assets.xcassets in Resources */ = {isa = PBXBuildFile; fileRef = 894DF8842504F9910062D2FD /* Preview Assets.xcassets */; };
		894DF8882504F9910062D2FD /* LaunchScreen.storyboard in Resources */ = {isa = PBXBuildFile; fileRef = 894DF8862504F9910062D2FD /* LaunchScreen.storyboard */; };
		894DF892250514190062D2FD /* MapView.swift in Sources */ = {isa = PBXBuildFile; fileRef = 894DF891250514190062D2FD /* MapView.swift */; };
		89C5555A25055B8200DED216 /* MKPointAnnotation-ObservableObject.swift in Sources */ = {isa = PBXBuildFile; fileRef = 89C5555925055B8200DED216 /* MKPointAnnotation-ObservableObject.swift */; };
		89C5555C25055C6500DED216 /* EditPinAnnotationView.swift in Sources */ = {isa = PBXBuildFile; fileRef = 89C5555B25055C6500DED216 /* EditPinAnnotationView.swift */; };
		89C5555E25055FF200DED216 /* Result.swift in Sources */ = {isa = PBXBuildFile; fileRef = 89C5555D25055FF200DED216 /* Result.swift */; };
		89C5556025056F8C00DED216 /* MKPointAnnotation-Codable.swift in Sources */ = {isa = PBXBuildFile; fileRef = 89C5555F25056F8C00DED216 /* MKPointAnnotation-Codable.swift */; };
		89C5556425066CB900DED216 /* BucketListView.swift in Sources */ = {isa = PBXBuildFile; fileRef = 89C5556325066CB900DED216 /* BucketListView.swift */; };
		89C5556625066D5800DED216 /* RootTabView.swift in Sources */ = {isa = PBXBuildFile; fileRef = 89C5556525066D5800DED216 /* RootTabView.swift */; };
		89C5556F25067E0A00DED216 /* BucketListItem.swift in Sources */ = {isa = PBXBuildFile; fileRef = 89C5556E25067E0A00DED216 /* BucketListItem.swift */; };
		89C5557225067F5400DED216 /* CardButtonStyle.swift in Sources */ = {isa = PBXBuildFile; fileRef = 89C5557125067F5400DED216 /* CardButtonStyle.swift */; };
		89C555782506BD9700DED216 /* BucketListCardView.swift in Sources */ = {isa = PBXBuildFile; fileRef = 89C555772506BD9700DED216 /* BucketListCardView.swift */; };
		89C5557C2506C1D400DED216 /* ExpandedListCardView.swift in Sources */ = {isa = PBXBuildFile; fileRef = 89C5557B2506C1D400DED216 /* ExpandedListCardView.swift */; };
		89C5557F250A674B00DED216 /* OnboardingView.swift in Sources */ = {isa = PBXBuildFile; fileRef = 89C5557E250A674B00DED216 /* OnboardingView.swift */; };
		89C55581250A67B400DED216 /* OnboardingViewModel.swift in Sources */ = {isa = PBXBuildFile; fileRef = 89C55580250A67B400DED216 /* OnboardingViewModel.swift */; };
/* End PBXBuildFile section */

/* Begin PBXFileReference section */
		894DF8782504F98B0062D2FD /* BucketList.app */ = {isa = PBXFileReference; explicitFileType = wrapper.application; includeInIndex = 0; path = BucketList.app; sourceTree = BUILT_PRODUCTS_DIR; };
		894DF87B2504F98B0062D2FD /* AppDelegate.swift */ = {isa = PBXFileReference; lastKnownFileType = sourcecode.swift; path = AppDelegate.swift; sourceTree = "<group>"; };
		894DF87D2504F98B0062D2FD /* SceneDelegate.swift */ = {isa = PBXFileReference; lastKnownFileType = sourcecode.swift; path = SceneDelegate.swift; sourceTree = "<group>"; };
		894DF87F2504F98B0062D2FD /* BucketMapView.swift */ = {isa = PBXFileReference; lastKnownFileType = sourcecode.swift; path = BucketMapView.swift; sourceTree = "<group>"; };
		894DF8812504F9910062D2FD /* Assets.xcassets */ = {isa = PBXFileReference; lastKnownFileType = folder.assetcatalog; path = Assets.xcassets; sourceTree = "<group>"; };
		894DF8842504F9910062D2FD /* Preview Assets.xcassets */ = {isa = PBXFileReference; lastKnownFileType = folder.assetcatalog; path = "Preview Assets.xcassets"; sourceTree = "<group>"; };
		894DF8872504F9910062D2FD /* Base */ = {isa = PBXFileReference; lastKnownFileType = file.storyboard; name = Base; path = Base.lproj/LaunchScreen.storyboard; sourceTree = "<group>"; };
		894DF8892504F9910062D2FD /* Info.plist */ = {isa = PBXFileReference; lastKnownFileType = text.plist.xml; path = Info.plist; sourceTree = "<group>"; };
		894DF891250514190062D2FD /* MapView.swift */ = {isa = PBXFileReference; lastKnownFileType = sourcecode.swift; path = MapView.swift; sourceTree = "<group>"; };
		89C5555925055B8200DED216 /* MKPointAnnotation-ObservableObject.swift */ = {isa = PBXFileReference; lastKnownFileType = sourcecode.swift; path = "MKPointAnnotation-ObservableObject.swift"; sourceTree = "<group>"; };
		89C5555B25055C6500DED216 /* EditPinAnnotationView.swift */ = {isa = PBXFileReference; lastKnownFileType = sourcecode.swift; path = EditPinAnnotationView.swift; sourceTree = "<group>"; };
		89C5555D25055FF200DED216 /* Result.swift */ = {isa = PBXFileReference; lastKnownFileType = sourcecode.swift; path = Result.swift; sourceTree = "<group>"; };
		89C5555F25056F8C00DED216 /* MKPointAnnotation-Codable.swift */ = {isa = PBXFileReference; lastKnownFileType = sourcecode.swift; path = "MKPointAnnotation-Codable.swift"; sourceTree = "<group>"; };
		89C5556325066CB900DED216 /* BucketListView.swift */ = {isa = PBXFileReference; lastKnownFileType = sourcecode.swift; path = BucketListView.swift; sourceTree = "<group>"; };
		89C5556525066D5800DED216 /* RootTabView.swift */ = {isa = PBXFileReference; lastKnownFileType = sourcecode.swift; path = RootTabView.swift; sourceTree = "<group>"; };
		89C5556E25067E0A00DED216 /* BucketListItem.swift */ = {isa = PBXFileReference; lastKnownFileType = sourcecode.swift; path = BucketListItem.swift; sourceTree = "<group>"; };
		89C5557125067F5400DED216 /* CardButtonStyle.swift */ = {isa = PBXFileReference; lastKnownFileType = sourcecode.swift; path = CardButtonStyle.swift; sourceTree = "<group>"; };
		89C555772506BD9700DED216 /* BucketListCardView.swift */ = {isa = PBXFileReference; lastKnownFileType = sourcecode.swift; path = BucketListCardView.swift; sourceTree = "<group>"; };
		89C5557B2506C1D400DED216 /* ExpandedListCardView.swift */ = {isa = PBXFileReference; lastKnownFileType = sourcecode.swift; path = ExpandedListCardView.swift; sourceTree = "<group>"; };
		89C5557E250A674B00DED216 /* OnboardingView.swift */ = {isa = PBXFileReference; lastKnownFileType = sourcecode.swift; path = OnboardingView.swift; sourceTree = "<group>"; };
		89C55580250A67B400DED216 /* OnboardingViewModel.swift */ = {isa = PBXFileReference; lastKnownFileType = sourcecode.swift; path = OnboardingViewModel.swift; sourceTree = "<group>"; };
/* End PBXFileReference section */

/* Begin PBXFrameworksBuildPhase section */
		894DF8752504F98B0062D2FD /* Frameworks */ = {
			isa = PBXFrameworksBuildPhase;
			buildActionMask = 2147483647;
			files = (
			);
			runOnlyForDeploymentPostprocessing = 0;
		};
/* End PBXFrameworksBuildPhase section */

/* Begin PBXGroup section */
		894DF86F2504F98B0062D2FD = {
			isa = PBXGroup;
			children = (
				894DF87A2504F98B0062D2FD /* BucketList */,
				894DF8792504F98B0062D2FD /* Products */,
			);
			sourceTree = "<group>";
		};
		894DF8792504F98B0062D2FD /* Products */ = {
			isa = PBXGroup;
			children = (
				894DF8782504F98B0062D2FD /* BucketList.app */,
			);
			name = Products;
			sourceTree = "<group>";
		};
		894DF87A2504F98B0062D2FD /* BucketList */ = {
			isa = PBXGroup;
			children = (
				894DF87B2504F98B0062D2FD /* AppDelegate.swift */,
				894DF87D2504F98B0062D2FD /* SceneDelegate.swift */,
				89C5556725066D5E00DED216 /* Tabs */,
				89C5557025067EFF00DED216 /* Model */,
				89C5556A25066EBA00DED216 /* Components */,
				894DF8812504F9910062D2FD /* Assets.xcassets */,
				894DF8862504F9910062D2FD /* LaunchScreen.storyboard */,
				894DF8892504F9910062D2FD /* Info.plist */,
				894DF8832504F9910062D2FD /* Preview Content */,
			);
			path = BucketList;
			sourceTree = "<group>";
		};
		894DF8832504F9910062D2FD /* Preview Content */ = {
			isa = PBXGroup;
			children = (
				894DF8842504F9910062D2FD /* Preview Assets.xcassets */,
			);
			path = "Preview Content";
			sourceTree = "<group>";
		};
		89C5556725066D5E00DED216 /* Tabs */ = {
			isa = PBXGroup;
			children = (
				89C5556525066D5800DED216 /* RootTabView.swift */,
				89C5557D250A672000DED216 /* Onboarding */,
				89C5556925066D7200DED216 /* Map */,
				89C5556825066D6700DED216 /* BucketList */,
			);
			path = Tabs;
			sourceTree = "<group>";
		};
		89C5556825066D6700DED216 /* BucketList */ = {
			isa = PBXGroup;
			children = (
				89C5556325066CB900DED216 /* BucketListView.swift */,
			);
			path = BucketList;
			sourceTree = "<group>";
		};
		89C5556925066D7200DED216 /* Map */ = {
			isa = PBXGroup;
			children = (
				894DF87F2504F98B0062D2FD /* BucketMapView.swift */,
				89C5555B25055C6500DED216 /* EditPinAnnotationView.swift */,
			);
			path = Map;
			sourceTree = "<group>";
		};
		89C5556A25066EBA00DED216 /* Components */ = {
			isa = PBXGroup;
			children = (
				89C555772506BD9700DED216 /* BucketListCardView.swift */,
				89C5557B2506C1D400DED216 /* ExpandedListCardView.swift */,
				89C5557125067F5400DED216 /* CardButtonStyle.swift */,
				89C555742506848700DED216 /* MapView */,
			);
			path = Components;
			sourceTree = "<group>";
		};
		89C5557025067EFF00DED216 /* Model */ = {
			isa = PBXGroup;
			children = (
				89C5555D25055FF200DED216 /* Result.swift */,
				89C5556E25067E0A00DED216 /* BucketListItem.swift */,
			);
			path = Model;
			sourceTree = "<group>";
		};
		89C555742506848700DED216 /* MapView */ = {
			isa = PBXGroup;
			children = (
				894DF891250514190062D2FD /* MapView.swift */,
				89C5555925055B8200DED216 /* MKPointAnnotation-ObservableObject.swift */,
				89C5555F25056F8C00DED216 /* MKPointAnnotation-Codable.swift */,
			);
			path = MapView;
			sourceTree = "<group>";
		};
		89C5557D250A672000DED216 /* Onboarding */ = {
			isa = PBXGroup;
			children = (
				89C5557E250A674B00DED216 /* OnboardingView.swift */,
				89C55580250A67B400DED216 /* OnboardingViewModel.swift */,
			);
			path = Onboarding;
			sourceTree = "<group>";
		};
/* End PBXGroup section */

/* Begin PBXNativeTarget section */
		894DF8772504F98B0062D2FD /* BucketList */ = {
			isa = PBXNativeTarget;
			buildConfigurationList = 894DF88C2504F9910062D2FD /* Build configuration list for PBXNativeTarget "BucketList" */;
			buildPhases = (
				894DF8742504F98B0062D2FD /* Sources */,
				894DF8752504F98B0062D2FD /* Frameworks */,
				894DF8762504F98B0062D2FD /* Resources */,
			);
			buildRules = (
			);
			dependencies = (
			);
			name = BucketList;
			productName = BucketList;
			productReference = 894DF8782504F98B0062D2FD /* BucketList.app */;
			productType = "com.apple.product-type.application";
		};
/* End PBXNativeTarget section */

/* Begin PBXProject section */
		894DF8702504F98B0062D2FD /* Project object */ = {
			isa = PBXProject;
			attributes = {
				LastSwiftUpdateCheck = 1160;
				LastUpgradeCheck = 1160;
				ORGANIZATIONNAME = "Alex Sapsford";
				TargetAttributes = {
					894DF8772504F98B0062D2FD = {
						CreatedOnToolsVersion = 11.6;
					};
				};
			};
			buildConfigurationList = 894DF8732504F98B0062D2FD /* Build configuration list for PBXProject "BucketList" */;
			compatibilityVersion = "Xcode 9.3";
			developmentRegion = en;
			hasScannedForEncodings = 0;
			knownRegions = (
				en,
				Base,
			);
			mainGroup = 894DF86F2504F98B0062D2FD;
			productRefGroup = 894DF8792504F98B0062D2FD /* Products */;
			projectDirPath = "";
			projectRoot = "";
			targets = (
				894DF8772504F98B0062D2FD /* BucketList */,
			);
		};
/* End PBXProject section */

/* Begin PBXResourcesBuildPhase section */
		894DF8762504F98B0062D2FD /* Resources */ = {
			isa = PBXResourcesBuildPhase;
			buildActionMask = 2147483647;
			files = (
				894DF8882504F9910062D2FD /* LaunchScreen.storyboard in Resources */,
				894DF8852504F9910062D2FD /* Preview Assets.xcassets in Resources */,
				894DF8822504F9910062D2FD /* Assets.xcassets in Resources */,
			);
			runOnlyForDeploymentPostprocessing = 0;
		};
/* End PBXResourcesBuildPhase section */

/* Begin PBXSourcesBuildPhase section */
		894DF8742504F98B0062D2FD /* Sources */ = {
			isa = PBXSourcesBuildPhase;
			buildActionMask = 2147483647;
			files = (
				89C5556425066CB900DED216 /* BucketListView.swift in Sources */,
				894DF87C2504F98B0062D2FD /* AppDelegate.swift in Sources */,
				894DF892250514190062D2FD /* MapView.swift in Sources */,
				89C55581250A67B400DED216 /* OnboardingViewModel.swift in Sources */,
				89C5557F250A674B00DED216 /* OnboardingView.swift in Sources */,
				89C5555C25055C6500DED216 /* EditPinAnnotationView.swift in Sources */,
				894DF87E2504F98B0062D2FD /* SceneDelegate.swift in Sources */,
				89C5555E25055FF200DED216 /* Result.swift in Sources */,
				89C5555A25055B8200DED216 /* MKPointAnnotation-ObservableObject.swift in Sources */,
				89C5557225067F5400DED216 /* CardButtonStyle.swift in Sources */,
				89C5556025056F8C00DED216 /* MKPointAnnotation-Codable.swift in Sources */,
				89C5556625066D5800DED216 /* RootTabView.swift in Sources */,
				89C555782506BD9700DED216 /* BucketListCardView.swift in Sources */,
				89C5557C2506C1D400DED216 /* ExpandedListCardView.swift in Sources */,
				89C5556F25067E0A00DED216 /* BucketListItem.swift in Sources */,
				894DF8802504F98B0062D2FD /* BucketMapView.swift in Sources */,
			);
			runOnlyForDeploymentPostprocessing = 0;
		};
/* End PBXSourcesBuildPhase section */

/* Begin PBXVariantGroup section */
		894DF8862504F9910062D2FD /* LaunchScreen.storyboard */ = {
			isa = PBXVariantGroup;
			children = (
				894DF8872504F9910062D2FD /* Base */,
			);
			name = LaunchScreen.storyboard;
			sourceTree = "<group>";
		};
/* End PBXVariantGroup section */

/* Begin XCBuildConfiguration section */
		894DF88A2504F9910062D2FD /* Debug */ = {
			isa = XCBuildConfiguration;
			buildSettings = {
				ALWAYS_SEARCH_USER_PATHS = NO;
				CLANG_ANALYZER_NONNULL = YES;
				CLANG_ANALYZER_NUMBER_OBJECT_CONVERSION = YES_AGGRESSIVE;
				CLANG_CXX_LANGUAGE_STANDARD = "gnu++14";
				CLANG_CXX_LIBRARY = "libc++";
				CLANG_ENABLE_MODULES = YES;
				CLANG_ENABLE_OBJC_ARC = YES;
				CLANG_ENABLE_OBJC_WEAK = YES;
				CLANG_WARN_BLOCK_CAPTURE_AUTORELEASING = YES;
				CLANG_WARN_BOOL_CONVERSION = YES;
				CLANG_WARN_COMMA = YES;
				CLANG_WARN_CONSTANT_CONVERSION = YES;
				CLANG_WARN_DEPRECATED_OBJC_IMPLEMENTATIONS = YES;
				CLANG_WARN_DIRECT_OBJC_ISA_USAGE = YES_ERROR;
				CLANG_WARN_DOCUMENTATION_COMMENTS = YES;
				CLANG_WARN_EMPTY_BODY = YES;
				CLANG_WARN_ENUM_CONVERSION = YES;
				CLANG_WARN_INFINITE_RECURSION = YES;
				CLANG_WARN_INT_CONVERSION = YES;
				CLANG_WARN_NON_LITERAL_NULL_CONVERSION = YES;
				CLANG_WARN_OBJC_IMPLICIT_RETAIN_SELF = YES;
				CLANG_WARN_OBJC_LITERAL_CONVERSION = YES;
				CLANG_WARN_OBJC_ROOT_CLASS = YES_ERROR;
				CLANG_WARN_RANGE_LOOP_ANALYSIS = YES;
				CLANG_WARN_STRICT_PROTOTYPES = YES;
				CLANG_WARN_SUSPICIOUS_MOVE = YES;
				CLANG_WARN_UNGUARDED_AVAILABILITY = YES_AGGRESSIVE;
				CLANG_WARN_UNREACHABLE_CODE = YES;
				CLANG_WARN__DUPLICATE_METHOD_MATCH = YES;
				COPY_PHASE_STRIP = NO;
				DEBUG_INFORMATION_FORMAT = dwarf;
				ENABLE_STRICT_OBJC_MSGSEND = YES;
				ENABLE_TESTABILITY = YES;
				GCC_C_LANGUAGE_STANDARD = gnu11;
				GCC_DYNAMIC_NO_PIC = NO;
				GCC_NO_COMMON_BLOCKS = YES;
				GCC_OPTIMIZATION_LEVEL = 0;
				GCC_PREPROCESSOR_DEFINITIONS = (
					"DEBUG=1",
					"$(inherited)",
				);
				GCC_WARN_64_TO_32_BIT_CONVERSION = YES;
				GCC_WARN_ABOUT_RETURN_TYPE = YES_ERROR;
				GCC_WARN_UNDECLARED_SELECTOR = YES;
				GCC_WARN_UNINITIALIZED_AUTOS = YES_AGGRESSIVE;
				GCC_WARN_UNUSED_FUNCTION = YES;
				GCC_WARN_UNUSED_VARIABLE = YES;
				IPHONEOS_DEPLOYMENT_TARGET = 13.6;
				MTL_ENABLE_DEBUG_INFO = INCLUDE_SOURCE;
				MTL_FAST_MATH = YES;
				ONLY_ACTIVE_ARCH = YES;
				SDKROOT = iphoneos;
				SWIFT_ACTIVE_COMPILATION_CONDITIONS = DEBUG;
				SWIFT_OPTIMIZATION_LEVEL = "-Onone";
			};
			name = Debug;
		};
		894DF88B2504F9910062D2FD /* Release */ = {
			isa = XCBuildConfiguration;
			buildSettings = {
				ALWAYS_SEARCH_USER_PATHS = NO;
				CLANG_ANALYZER_NONNULL = YES;
				CLANG_ANALYZER_NUMBER_OBJECT_CONVERSION = YES_AGGRESSIVE;
				CLANG_CXX_LANGUAGE_STANDARD = "gnu++14";
				CLANG_CXX_LIBRARY = "libc++";
				CLANG_ENABLE_MODULES = YES;
				CLANG_ENABLE_OBJC_ARC = YES;
				CLANG_ENABLE_OBJC_WEAK = YES;
				CLANG_WARN_BLOCK_CAPTURE_AUTORELEASING = YES;
				CLANG_WARN_BOOL_CONVERSION = YES;
				CLANG_WARN_COMMA = YES;
				CLANG_WARN_CONSTANT_CONVERSION = YES;
				CLANG_WARN_DEPRECATED_OBJC_IMPLEMENTATIONS = YES;
				CLANG_WARN_DIRECT_OBJC_ISA_USAGE = YES_ERROR;
				CLANG_WARN_DOCUMENTATION_COMMENTS = YES;
				CLANG_WARN_EMPTY_BODY = YES;
				CLANG_WARN_ENUM_CONVERSION = YES;
				CLANG_WARN_INFINITE_RECURSION = YES;
				CLANG_WARN_INT_CONVERSION = YES;
				CLANG_WARN_NON_LITERAL_NULL_CONVERSION = YES;
				CLANG_WARN_OBJC_IMPLICIT_RETAIN_SELF = YES;
				CLANG_WARN_OBJC_LITERAL_CONVERSION = YES;
				CLANG_WARN_OBJC_ROOT_CLASS = YES_ERROR;
				CLANG_WARN_RANGE_LOOP_ANALYSIS = YES;
				CLANG_WARN_STRICT_PROTOTYPES = YES;
				CLANG_WARN_SUSPICIOUS_MOVE = YES;
				CLANG_WARN_UNGUARDED_AVAILABILITY = YES_AGGRESSIVE;
				CLANG_WARN_UNREACHABLE_CODE = YES;
				CLANG_WARN__DUPLICATE_METHOD_MATCH = YES;
				COPY_PHASE_STRIP = NO;
				DEBUG_INFORMATION_FORMAT = "dwarf-with-dsym";
				ENABLE_NS_ASSERTIONS = NO;
				ENABLE_STRICT_OBJC_MSGSEND = YES;
				GCC_C_LANGUAGE_STANDARD = gnu11;
				GCC_NO_COMMON_BLOCKS = YES;
				GCC_WARN_64_TO_32_BIT_CONVERSION = YES;
				GCC_WARN_ABOUT_RETURN_TYPE = YES_ERROR;
				GCC_WARN_UNDECLARED_SELECTOR = YES;
				GCC_WARN_UNINITIALIZED_AUTOS = YES_AGGRESSIVE;
				GCC_WARN_UNUSED_FUNCTION = YES;
				GCC_WARN_UNUSED_VARIABLE = YES;
				IPHONEOS_DEPLOYMENT_TARGET = 13.6;
				MTL_ENABLE_DEBUG_INFO = NO;
				MTL_FAST_MATH = YES;
				SDKROOT = iphoneos;
				SWIFT_COMPILATION_MODE = wholemodule;
				SWIFT_OPTIMIZATION_LEVEL = "-O";
				VALIDATE_PRODUCT = YES;
			};
			name = Release;
		};
		894DF88D2504F9910062D2FD /* Debug */ = {
			isa = XCBuildConfiguration;
			buildSettings = {
				ASSETCATALOG_COMPILER_APPICON_NAME = AppIcon;
				CODE_SIGN_STYLE = Automatic;
				DEVELOPMENT_ASSET_PATHS = "\"BucketList/Preview Content\"";
				DEVELOPMENT_TEAM = G2J2JQM4XJ;
				ENABLE_PREVIEWS = YES;
				INFOPLIST_FILE = BucketList/Info.plist;
				LD_RUNPATH_SEARCH_PATHS = (
					"$(inherited)",
					"@executable_path/Frameworks",
				);
				MARKETING_VERSION = 1.0.0;
				PRODUCT_BUNDLE_IDENTIFIER = com.alexsapsford.BucketList;
				PRODUCT_NAME = "$(TARGET_NAME)";
				SWIFT_VERSION = 5.0;
				TARGETED_DEVICE_FAMILY = "1,2";
			};
			name = Debug;
		};
		894DF88E2504F9910062D2FD /* Release */ = {
			isa = XCBuildConfiguration;
			buildSettings = {
				ASSETCATALOG_COMPILER_APPICON_NAME = AppIcon;
				CODE_SIGN_STYLE = Automatic;
				DEVELOPMENT_ASSET_PATHS = "\"BucketList/Preview Content\"";
				DEVELOPMENT_TEAM = G2J2JQM4XJ;
				ENABLE_PREVIEWS = YES;
				INFOPLIST_FILE = BucketList/Info.plist;
				LD_RUNPATH_SEARCH_PATHS = (
					"$(inherited)",
					"@executable_path/Frameworks",
				);
				MARKETING_VERSION = 1.0.0;
				PRODUCT_BUNDLE_IDENTIFIER = com.alexsapsford.BucketList;
				PRODUCT_NAME = "$(TARGET_NAME)";
				SWIFT_VERSION = 5.0;
				TARGETED_DEVICE_FAMILY = "1,2";
			};
			name = Release;
		};
/* End XCBuildConfiguration section */

/* Begin XCConfigurationList section */
		894DF8732504F98B0062D2FD /* Build configuration list for PBXProject "BucketList" */ = {
			isa = XCConfigurationList;
			buildConfigurations = (
				894DF88A2504F9910062D2FD /* Debug */,
				894DF88B2504F9910062D2FD /* Release */,
			);
			defaultConfigurationIsVisible = 0;
			defaultConfigurationName = Release;
		};
		894DF88C2504F9910062D2FD /* Build configuration list for PBXNativeTarget "BucketList" */ = {
			isa = XCConfigurationList;
			buildConfigurations = (
				894DF88D2504F9910062D2FD /* Debug */,
				894DF88E2504F9910062D2FD /* Release */,
			);
			defaultConfigurationIsVisible = 0;
			defaultConfigurationName = Release;
		};
/* End XCConfigurationList section */
	};
	rootObject = 894DF8702504F98B0062D2FD /* Project object */;
}
